
Microsoft Visual Studio Solution File, Format Version 12.00
# Visual Studio 15
VisualStudioVersion = 15.0.27004.2006
MinimumVisualStudioVersion = 10.0.40219.1
Project("{D954291E-2A0B-460D-934E-DC6B0785DB48}") = "InovaCity_Serra", "InovaCity Serra\InovaCity_Serra\InovaCity_Serra.shproj", "{46B6AE95-45C3-441D-9F1B-A204EB9661F5}"
EndProject
Project("{FAE04EC0-301F-11D3-BF4B-00C04F79EFBC}") = "InovaCity_Serra.Android", "InovaCity Serra\InovaCity_Serra.Android\InovaCity_Serra.Android.csproj", "{45412967-7455-477C-BBC4-08C2471CC608}"
EndProject
Project("{FAE04EC0-301F-11D3-BF4B-00C04F79EFBC}") = "InovaCity_Serra.iOS", "InovaCity Serra\InovaCity_Serra.iOS\InovaCity_Serra.iOS.csproj", "{56C428F7-B80F-4635-9401-CB1F60AE8E58}"
EndProject
Project("{FAE04EC0-301F-11D3-BF4B-00C04F79EFBC}") = "InovaCity_Serra.UWP", "InovaCity Serra\InovaCity_Serra.UWP\InovaCity_Serra.UWP.csproj", "{53B66A80-CFA3-4D2D-9275-7AFD9B59C0BF}"
EndProject
Global
	GlobalSection(SharedMSBuildProjectFiles) = preSolution
		InovaCity Serra\InovaCity_Serra\InovaCity_Serra.projitems*{45412967-7455-477c-bbc4-08c2471cc608}*SharedItemsImports = 4
		InovaCity Serra\InovaCity_Serra\InovaCity_Serra.projitems*{46b6ae95-45c3-441d-9f1b-a204eb9661f5}*SharedItemsImports = 13
		InovaCity Serra\InovaCity_Serra\InovaCity_Serra.projitems*{53b66a80-cfa3-4d2d-9275-7afd9b59c0bf}*SharedItemsImports = 4
		InovaCity Serra\InovaCity_Serra\InovaCity_Serra.projitems*{56c428f7-b80f-4635-9401-cb1f60ae8e58}*SharedItemsImports = 4
	EndGlobalSection
	GlobalSection(SolutionConfigurationPlatforms) = preSolution
		Ad-Hoc|Any CPU = Ad-Hoc|Any CPU
		Ad-Hoc|ARM = Ad-Hoc|ARM
		Ad-Hoc|iPhone = Ad-Hoc|iPhone
		Ad-Hoc|iPhoneSimulator = Ad-Hoc|iPhoneSimulator
		Ad-Hoc|x64 = Ad-Hoc|x64
		Ad-Hoc|x86 = Ad-Hoc|x86
		AppStore|Any CPU = AppStore|Any CPU
		AppStore|ARM = AppStore|ARM
		AppStore|iPhone = AppStore|iPhone
		AppStore|iPhoneSimulator = AppStore|iPhoneSimulator
		AppStore|x64 = AppStore|x64
		AppStore|x86 = AppStore|x86
		Debug|Any CPU = Debug|Any CPU
		Debug|ARM = Debug|ARM
		Debug|iPhone = Debug|iPhone
		Debug|iPhoneSimulator = Debug|iPhoneSimulator
		Debug|x64 = Debug|x64
		Debug|x86 = Debug|x86
		Release|Any CPU = Release|Any CPU
		Release|ARM = Release|ARM
		Release|iPhone = Release|iPhone
		Release|iPhoneSimulator = Release|iPhoneSimulator
		Release|x64 = Release|x64
		Release|x86 = Release|x86
	EndGlobalSection
	GlobalSection(ProjectConfigurationPlatforms) = postSolution
		{45412967-7455-477C-BBC4-08C2471CC608}.Ad-Hoc|Any CPU.ActiveCfg = Release|Any CPU
		{45412967-7455-477C-BBC4-08C2471CC608}.Ad-Hoc|Any CPU.Build.0 = Release|Any CPU
		{45412967-7455-477C-BBC4-08C2471CC608}.Ad-Hoc|Any CPU.Deploy.0 = Release|Any CPU
		{45412967-7455-477C-BBC4-08C2471CC608}.Ad-Hoc|ARM.ActiveCfg = Release|Any CPU
		{45412967-7455-477C-BBC4-08C2471CC608}.Ad-Hoc|ARM.Build.0 = Release|Any CPU
		{45412967-7455-477C-BBC4-08C2471CC608}.Ad-Hoc|ARM.Deploy.0 = Release|Any CPU
		{45412967-7455-477C-BBC4-08C2471CC608}.Ad-Hoc|iPhone.ActiveCfg = Release|Any CPU
		{45412967-7455-477C-BBC4-08C2471CC608}.Ad-Hoc|iPhone.Build.0 = Release|Any CPU
		{45412967-7455-477C-BBC4-08C2471CC608}.Ad-Hoc|iPhone.Deploy.0 = Release|Any CPU
		{45412967-7455-477C-BBC4-08C2471CC608}.Ad-Hoc|iPhoneSimulator.ActiveCfg = Release|Any CPU
		{45412967-7455-477C-BBC4-08C2471CC608}.Ad-Hoc|iPhoneSimulator.Build.0 = Release|Any CPU
		{45412967-7455-477C-BBC4-08C2471CC608}.Ad-Hoc|iPhoneSimulator.Deploy.0 = Release|Any CPU
		{45412967-7455-477C-BBC4-08C2471CC608}.Ad-Hoc|x64.ActiveCfg = Release|Any CPU
		{45412967-7455-477C-BBC4-08C2471CC608}.Ad-Hoc|x64.Build.0 = Release|Any CPU
		{45412967-7455-477C-BBC4-08C2471CC608}.Ad-Hoc|x64.Deploy.0 = Release|Any CPU
		{45412967-7455-477C-BBC4-08C2471CC608}.Ad-Hoc|x86.ActiveCfg = Release|Any CPU
		{45412967-7455-477C-BBC4-08C2471CC608}.Ad-Hoc|x86.Build.0 = Release|Any CPU
		{45412967-7455-477C-BBC4-08C2471CC608}.Ad-Hoc|x86.Deploy.0 = Release|Any CPU
		{45412967-7455-477C-BBC4-08C2471CC608}.AppStore|Any CPU.ActiveCfg = Release|Any CPU
		{45412967-7455-477C-BBC4-08C2471CC608}.AppStore|Any CPU.Build.0 = Release|Any CPU
		{45412967-7455-477C-BBC4-08C2471CC608}.AppStore|Any CPU.Deploy.0 = Release|Any CPU
		{45412967-7455-477C-BBC4-08C2471CC608}.AppStore|ARM.ActiveCfg = Release|Any CPU
		{45412967-7455-477C-BBC4-08C2471CC608}.AppStore|ARM.Build.0 = Release|Any CPU
		{45412967-7455-477C-BBC4-08C2471CC608}.AppStore|ARM.Deploy.0 = Release|Any CPU
		{45412967-7455-477C-BBC4-08C2471CC608}.AppStore|iPhone.ActiveCfg = Release|Any CPU
		{45412967-7455-477C-BBC4-08C2471CC608}.AppStore|iPhone.Build.0 = Release|Any CPU
		{45412967-7455-477C-BBC4-08C2471CC608}.AppStore|iPhone.Deploy.0 = Release|Any CPU
		{45412967-7455-477C-BBC4-08C2471CC608}.AppStore|iPhoneSimulator.ActiveCfg = Release|Any CPU
		{45412967-7455-477C-BBC4-08C2471CC608}.AppStore|iPhoneSimulator.Build.0 = Release|Any CPU
		{45412967-7455-477C-BBC4-08C2471CC608}.AppStore|iPhoneSimulator.Deploy.0 = Release|Any CPU
		{45412967-7455-477C-BBC4-08C2471CC608}.AppStore|x64.ActiveCfg = Release|Any CPU
		{45412967-7455-477C-BBC4-08C2471CC608}.AppStore|x64.Build.0 = Release|Any CPU
		{45412967-7455-477C-BBC4-08C2471CC608}.AppStore|x64.Deploy.0 = Release|Any CPU
		{45412967-7455-477C-BBC4-08C2471CC608}.AppStore|x86.ActiveCfg = Release|Any CPU
		{45412967-7455-477C-BBC4-08C2471CC608}.AppStore|x86.Build.0 = Release|Any CPU
		{45412967-7455-477C-BBC4-08C2471CC608}.AppStore|x86.Deploy.0 = Release|Any CPU
		{45412967-7455-477C-BBC4-08C2471CC608}.Debug|Any CPU.ActiveCfg = Debug|Any CPU
		{45412967-7455-477C-BBC4-08C2471CC608}.Debug|Any CPU.Build.0 = Debug|Any CPU
		{45412967-7455-477C-BBC4-08C2471CC608}.Debug|Any CPU.Deploy.0 = Debug|Any CPU
		{45412967-7455-477C-BBC4-08C2471CC608}.Debug|ARM.ActiveCfg = Debug|Any CPU
		{45412967-7455-477C-BBC4-08C2471CC608}.Debug|ARM.Build.0 = Debug|Any CPU
		{45412967-7455-477C-BBC4-08C2471CC608}.Debug|ARM.Deploy.0 = Debug|Any CPU
		{45412967-7455-477C-BBC4-08C2471CC608}.Debug|iPhone.ActiveCfg = Debug|Any CPU
		{45412967-7455-477C-BBC4-08C2471CC608}.Debug|iPhone.Build.0 = Debug|Any CPU
		{45412967-7455-477C-BBC4-08C2471CC608}.Debug|iPhone.Deploy.0 = Debug|Any CPU
		{45412967-7455-477C-BBC4-08C2471CC608}.Debug|iPhoneSimulator.ActiveCfg = Debug|Any CPU
		{45412967-7455-477C-BBC4-08C2471CC608}.Debug|iPhoneSimulator.Build.0 = Debug|Any CPU
		{45412967-7455-477C-BBC4-08C2471CC608}.Debug|iPhoneSimulator.Deploy.0 = Debug|Any CPU
		{45412967-7455-477C-BBC4-08C2471CC608}.Debug|x64.ActiveCfg = Debug|Any CPU
		{45412967-7455-477C-BBC4-08C2471CC608}.Debug|x64.Build.0 = Debug|Any CPU
		{45412967-7455-477C-BBC4-08C2471CC608}.Debug|x64.Deploy.0 = Debug|Any CPU
		{45412967-7455-477C-BBC4-08C2471CC608}.Debug|x86.ActiveCfg = Debug|Any CPU
		{45412967-7455-477C-BBC4-08C2471CC608}.Debug|x86.Build.0 = Debug|Any CPU
		{45412967-7455-477C-BBC4-08C2471CC608}.Debug|x86.Deploy.0 = Debug|Any CPU
		{45412967-7455-477C-BBC4-08C2471CC608}.Release|Any CPU.ActiveCfg = Release|Any CPU
		{45412967-7455-477C-BBC4-08C2471CC608}.Release|Any CPU.Build.0 = Release|Any CPU
		{45412967-7455-477C-BBC4-08C2471CC608}.Release|Any CPU.Deploy.0 = Release|Any CPU
		{45412967-7455-477C-BBC4-08C2471CC608}.Release|ARM.ActiveCfg = Release|Any CPU
		{45412967-7455-477C-BBC4-08C2471CC608}.Release|ARM.Build.0 = Release|Any CPU
		{45412967-7455-477C-BBC4-08C2471CC608}.Release|ARM.Deploy.0 = Release|Any CPU
		{45412967-7455-477C-BBC4-08C2471CC608}.Release|iPhone.ActiveCfg = Release|Any CPU
		{45412967-7455-477C-BBC4-08C2471CC608}.Release|iPhone.Build.0 = Release|Any CPU
		{45412967-7455-477C-BBC4-08C2471CC608}.Release|iPhone.Deploy.0 = Release|Any CPU
		{45412967-7455-477C-BBC4-08C2471CC608}.Release|iPhoneSimulator.ActiveCfg = Release|Any CPU
		{45412967-7455-477C-BBC4-08C2471CC608}.Release|iPhoneSimulator.Build.0 = Release|Any CPU
		{45412967-7455-477C-BBC4-08C2471CC608}.Release|iPhoneSimulator.Deploy.0 = Release|Any CPU
		{45412967-7455-477C-BBC4-08C2471CC608}.Release|x64.ActiveCfg = Release|Any CPU
		{45412967-7455-477C-BBC4-08C2471CC608}.Release|x64.Build.0 = Release|Any CPU
		{45412967-7455-477C-BBC4-08C2471CC608}.Release|x64.Deploy.0 = Release|Any CPU
		{45412967-7455-477C-BBC4-08C2471CC608}.Release|x86.ActiveCfg = Release|Any CPU
		{45412967-7455-477C-BBC4-08C2471CC608}.Release|x86.Build.0 = Release|Any CPU
		{45412967-7455-477C-BBC4-08C2471CC608}.Release|x86.Deploy.0 = Release|Any CPU
		{56C428F7-B80F-4635-9401-CB1F60AE8E58}.Ad-Hoc|Any CPU.ActiveCfg = Ad-Hoc|iPhoneSimulator
		{56C428F7-B80F-4635-9401-CB1F60AE8E58}.Ad-Hoc|ARM.ActiveCfg = Ad-Hoc|iPhone
		{56C428F7-B80F-4635-9401-CB1F60AE8E58}.Ad-Hoc|iPhone.ActiveCfg = Ad-Hoc|iPhone
		{56C428F7-B80F-4635-9401-CB1F60AE8E58}.Ad-Hoc|iPhone.Build.0 = Ad-Hoc|iPhone
		{56C428F7-B80F-4635-9401-CB1F60AE8E58}.Ad-Hoc|iPhoneSimulator.ActiveCfg = Ad-Hoc|iPhoneSimulator
		{56C428F7-B80F-4635-9401-CB1F60AE8E58}.Ad-Hoc|iPhoneSimulator.Build.0 = Ad-Hoc|iPhoneSimulator
		{56C428F7-B80F-4635-9401-CB1F60AE8E58}.Ad-Hoc|x64.ActiveCfg = Ad-Hoc|iPhone
		{56C428F7-B80F-4635-9401-CB1F60AE8E58}.Ad-Hoc|x86.ActiveCfg = Ad-Hoc|iPhone
		{56C428F7-B80F-4635-9401-CB1F60AE8E58}.AppStore|Any CPU.ActiveCfg = AppStore|iPhoneSimulator
		{56C428F7-B80F-4635-9401-CB1F60AE8E58}.AppStore|ARM.ActiveCfg = AppStore|iPhone
		{56C428F7-B80F-4635-9401-CB1F60AE8E58}.AppStore|iPhone.ActiveCfg = AppStore|iPhone
		{56C428F7-B80F-4635-9401-CB1F60AE8E58}.AppStore|iPhone.Build.0 = AppStore|iPhone
		{56C428F7-B80F-4635-9401-CB1F60AE8E58}.AppStore|iPhoneSimulator.ActiveCfg = AppStore|iPhoneSimulator
		{56C428F7-B80F-4635-9401-CB1F60AE8E58}.AppStore|iPhoneSimulator.Build.0 = AppStore|iPhoneSimulator
		{56C428F7-B80F-4635-9401-CB1F60AE8E58}.AppStore|x64.ActiveCfg = AppStore|iPhone
		{56C428F7-B80F-4635-9401-CB1F60AE8E58}.AppStore|x86.ActiveCfg = AppStore|iPhone
		{56C428F7-B80F-4635-9401-CB1F60AE8E58}.Debug|Any CPU.ActiveCfg = Debug|iPhoneSimulator
		{56C428F7-B80F-4635-9401-CB1F60AE8E58}.Debug|ARM.ActiveCfg = Debug|iPhone
		{56C428F7-B80F-4635-9401-CB1F60AE8E58}.Debug|iPhone.ActiveCfg = Debug|iPhone
		{56C428F7-B80F-4635-9401-CB1F60AE8E58}.Debug|iPhone.Build.0 = Debug|iPhone
		{56C428F7-B80F-4635-9401-CB1F60AE8E58}.Debug|iPhoneSimulator.ActiveCfg = Debug|iPhoneSimulator
		{56C428F7-B80F-4635-9401-CB1F60AE8E58}.Debug|iPhoneSimulator.Build.0 = Debug|iPhoneSimulator
		{56C428F7-B80F-4635-9401-CB1F60AE8E58}.Debug|x64.ActiveCfg = Debug|iPhone
		{56C428F7-B80F-4635-9401-CB1F60AE8E58}.Debug|x86.ActiveCfg = Debug|iPhone
		{56C428F7-B80F-4635-9401-CB1F60AE8E58}.Release|Any CPU.ActiveCfg = Release|iPhoneSimulator
		{56C428F7-B80F-4635-9401-CB1F60AE8E58}.Release|ARM.ActiveCfg = Release|iPhone
		{56C428F7-B80F-4635-9401-CB1F60AE8E58}.Release|iPhone.ActiveCfg = Release|iPhone
		{56C428F7-B80F-4635-9401-CB1F60AE8E58}.Release|iPhone.Build.0 = Release|iPhone
		{56C428F7-B80F-4635-9401-CB1F60AE8E58}.Release|iPhoneSimulator.ActiveCfg = Release|iPhoneSimulator
		{56C428F7-B80F-4635-9401-CB1F60AE8E58}.Release|iPhoneSimulator.Build.0 = Release|iPhoneSimulator
		{56C428F7-B80F-4635-9401-CB1F60AE8E58}.Release|x64.ActiveCfg = Release|iPhone
		{56C428F7-B80F-4635-9401-CB1F60AE8E58}.Release|x86.ActiveCfg = Release|iPhone
		{53B66A80-CFA3-4D2D-9275-7AFD9B59C0BF}.Ad-Hoc|Any CPU.ActiveCfg = Release|x86
		{53B66A80-CFA3-4D2D-9275-7AFD9B59C0BF}.Ad-Hoc|Any CPU.Build.0 = Release|x86
		{53B66A80-CFA3-4D2D-9275-7AFD9B59C0BF}.Ad-Hoc|Any CPU.Deploy.0 = Release|x86
		{53B66A80-CFA3-4D2D-9275-7AFD9B59C0BF}.Ad-Hoc|ARM.ActiveCfg = Release|ARM
		{53B66A80-CFA3-4D2D-9275-7AFD9B59C0BF}.Ad-Hoc|ARM.Build.0 = Release|ARM
		{53B66A80-CFA3-4D2D-9275-7AFD9B59C0BF}.Ad-Hoc|ARM.Deploy.0 = Release|ARM
		{53B66A80-CFA3-4D2D-9275-7AFD9B59C0BF}.Ad-Hoc|iPhone.ActiveCfg = Release|x86
		{53B66A80-CFA3-4D2D-9275-7AFD9B59C0BF}.Ad-Hoc|iPhone.Build.0 = Release|x86
		{53B66A80-CFA3-4D2D-9275-7AFD9B59C0BF}.Ad-Hoc|iPhone.Deploy.0 = Release|x86
		{53B66A80-CFA3-4D2D-9275-7AFD9B59C0BF}.Ad-Hoc|iPhoneSimulator.ActiveCfg = Release|x86
		{53B66A80-CFA3-4D2D-9275-7AFD9B59C0BF}.Ad-Hoc|iPhoneSimulator.Build.0 = Release|x86
		{53B66A80-CFA3-4D2D-9275-7AFD9B59C0BF}.Ad-Hoc|iPhoneSimulator.Deploy.0 = Release|x86
		{53B66A80-CFA3-4D2D-9275-7AFD9B59C0BF}.Ad-Hoc|x64.ActiveCfg = Release|x64
		{53B66A80-CFA3-4D2D-9275-7AFD9B59C0BF}.Ad-Hoc|x64.Build.0 = Release|x64
		{53B66A80-CFA3-4D2D-9275-7AFD9B59C0BF}.Ad-Hoc|x64.Deploy.0 = Release|x64
		{53B66A80-CFA3-4D2D-9275-7AFD9B59C0BF}.Ad-Hoc|x86.ActiveCfg = Release|x86
		{53B66A80-CFA3-4D2D-9275-7AFD9B59C0BF}.Ad-Hoc|x86.Build.0 = Release|x86
		{53B66A80-CFA3-4D2D-9275-7AFD9B59C0BF}.Ad-Hoc|x86.Deploy.0 = Release|x86
		{53B66A80-CFA3-4D2D-9275-7AFD9B59C0BF}.AppStore|Any CPU.ActiveCfg = Release|x86
		{53B66A80-CFA3-4D2D-9275-7AFD9B59C0BF}.AppStore|Any CPU.Build.0 = Release|x86
		{53B66A80-CFA3-4D2D-9275-7AFD9B59C0BF}.AppStore|Any CPU.Deploy.0 = Release|x86
		{53B66A80-CFA3-4D2D-9275-7AFD9B59C0BF}.AppStore|ARM.ActiveCfg = Release|ARM
		{53B66A80-CFA3-4D2D-9275-7AFD9B59C0BF}.AppStore|ARM.Build.0 = Release|ARM
		{53B66A80-CFA3-4D2D-9275-7AFD9B59C0BF}.AppStore|ARM.Deploy.0 = Release|ARM
		{53B66A80-CFA3-4D2D-9275-7AFD9B59C0BF}.AppStore|iPhone.ActiveCfg = Release|x86
		{53B66A80-CFA3-4D2D-9275-7AFD9B59C0BF}.AppStore|iPhone.Build.0 = Release|x86
		{53B66A80-CFA3-4D2D-9275-7AFD9B59C0BF}.AppStore|iPhone.Deploy.0 = Release|x86
		{53B66A80-CFA3-4D2D-9275-7AFD9B59C0BF}.AppStore|iPhoneSimulator.ActiveCfg = Release|x86
		{53B66A80-CFA3-4D2D-9275-7AFD9B59C0BF}.AppStore|iPhoneSimulator.Build.0 = Release|x86
		{53B66A80-CFA3-4D2D-9275-7AFD9B59C0BF}.AppStore|iPhoneSimulator.Deploy.0 = Release|x86
		{53B66A80-CFA3-4D2D-9275-7AFD9B59C0BF}.AppStore|x64.ActiveCfg = Release|x64
		{53B66A80-CFA3-4D2D-9275-7AFD9B59C0BF}.AppStore|x64.Build.0 = Release|x64
		{53B66A80-CFA3-4D2D-9275-7AFD9B59C0BF}.AppStore|x64.Deploy.0 = Release|x64
		{53B66A80-CFA3-4D2D-9275-7AFD9B59C0BF}.AppStore|x86.ActiveCfg = Release|x86
		{53B66A80-CFA3-4D2D-9275-7AFD9B59C0BF}.AppStore|x86.Build.0 = Release|x86
		{53B66A80-CFA3-4D2D-9275-7AFD9B59C0BF}.AppStore|x86.Deploy.0 = Release|x86
		{53B66A80-CFA3-4D2D-9275-7AFD9B59C0BF}.Debug|Any CPU.ActiveCfg = Debug|ARM
		{53B66A80-CFA3-4D2D-9275-7AFD9B59C0BF}.Debug|Any CPU.Build.0 = Debug|ARM
		{53B66A80-CFA3-4D2D-9275-7AFD9B59C0BF}.Debug|Any CPU.Deploy.0 = Debug|ARM
		{53B66A80-CFA3-4D2D-9275-7AFD9B59C0BF}.Debug|ARM.ActiveCfg = Debug|ARM
		{53B66A80-CFA3-4D2D-9275-7AFD9B59C0BF}.Debug|ARM.Build.0 = Debug|ARM
		{53B66A80-CFA3-4D2D-9275-7AFD9B59C0BF}.Debug|ARM.Deploy.0 = Debug|ARM
		{53B66A80-CFA3-4D2D-9275-7AFD9B59C0BF}.Debug|iPhone.ActiveCfg = Debug|x86
		{53B66A80-CFA3-4D2D-9275-7AFD9B59C0BF}.Debug|iPhoneSimulator.ActiveCfg = Debug|x86
		{53B66A80-CFA3-4D2D-9275-7AFD9B59C0BF}.Debug|x64.ActiveCfg = Debug|x64
		{53B66A80-CFA3-4D2D-9275-7AFD9B59C0BF}.Debug|x64.Build.0 = Debug|x64
		{53B66A80-CFA3-4D2D-9275-7AFD9B59C0BF}.Debug|x64.Deploy.0 = Debug|x64
		{53B66A80-CFA3-4D2D-9275-7AFD9B59C0BF}.Debug|x86.ActiveCfg = Debug|x86
		{53B66A80-CFA3-4D2D-9275-7AFD9B59C0BF}.Debug|x86.Build.0 = Debug|x86
		{53B66A80-CFA3-4D2D-9275-7AFD9B59C0BF}.Debug|x86.Deploy.0 = Debug|x86
		{53B66A80-CFA3-4D2D-9275-7AFD9B59C0BF}.Release|Any CPU.ActiveCfg = Release|x86
		{53B66A80-CFA3-4D2D-9275-7AFD9B59C0BF}.Release|ARM.ActiveCfg = Release|ARM
		{53B66A80-CFA3-4D2D-9275-7AFD9B59C0BF}.Release|ARM.Build.0 = Release|ARM
		{53B66A80-CFA3-4D2D-9275-7AFD9B59C0BF}.Release|ARM.Deploy.0 = Release|ARM
		{53B66A80-CFA3-4D2D-9275-7AFD9B59C0BF}.Release|iPhone.ActiveCfg = Release|x86
		{53B66A80-CFA3-4D2D-9275-7AFD9B59C0BF}.Release|iPhoneSimulator.ActiveCfg = Release|x86
		{53B66A80-CFA3-4D2D-9275-7AFD9B59C0BF}.Release|x64.ActiveCfg = Release|x64
		{53B66A80-CFA3-4D2D-9275-7AFD9B59C0BF}.Release|x64.Build.0 = Release|x64
		{53B66A80-CFA3-4D2D-9275-7AFD9B59C0BF}.Release|x64.Deploy.0 = Release|x64
		{53B66A80-CFA3-4D2D-9275-7AFD9B59C0BF}.Release|x86.ActiveCfg = Release|x86
		{53B66A80-CFA3-4D2D-9275-7AFD9B59C0BF}.Release|x86.Build.0 = Release|x86
		{53B66A80-CFA3-4D2D-9275-7AFD9B59C0BF}.Release|x86.Deploy.0 = Release|x86
	EndGlobalSection
	GlobalSection(SolutionProperties) = preSolution
		HideSolutionNode = FALSE
	EndGlobalSection
	GlobalSection(ExtensibilityGlobals) = postSolution
		SolutionGuid = {D858222C-2F61-4453-ADA7-4062BB3AF5D9}
	EndGlobalSection
EndGlobal
